// !$*UTF8*$!
{
	archiveVersion = 1;
	classes = {
	};
	objectVersion = 52;
	objects = {

/* Begin PBXBuildFile section */
		0168730725D88E150096DB8D /* Comfortaa-Light.ttf in Resources */ = {isa = PBXBuildFile; fileRef = 0168730625D88E150096DB8D /* Comfortaa-Light.ttf */; };
		0168730C25D88FC80096DB8D /* MontserratAlternates-SemiBold.ttf in Resources */ = {isa = PBXBuildFile; fileRef = 0168730B25D88FC80096DB8D /* MontserratAlternates-SemiBold.ttf */; };
		0168731125D88FE70096DB8D /* MontserratAlternates-Bold.ttf in Resources */ = {isa = PBXBuildFile; fileRef = 0168731025D88FE70096DB8D /* MontserratAlternates-Bold.ttf */; };
		0168731625D893970096DB8D /* Poppins-Bold.ttf in Resources */ = {isa = PBXBuildFile; fileRef = 0168731525D893970096DB8D /* Poppins-Bold.ttf */; };
		0168731B25D893A50096DB8D /* Poppins-SemiBold.ttf in Resources */ = {isa = PBXBuildFile; fileRef = 0168731A25D893A50096DB8D /* Poppins-SemiBold.ttf */; };
		01A4A11925D63941004F5BAD /* CryptoGlanceApp.swift in Sources */ = {isa = PBXBuildFile; fileRef = 01A4A11825D63941004F5BAD /* CryptoGlanceApp.swift */; };
		01A4A11B25D63941004F5BAD /* ContentView.swift in Sources */ = {isa = PBXBuildFile; fileRef = 01A4A11A25D63941004F5BAD /* ContentView.swift */; };
		01A4A11D25D63942004F5BAD /* Assets.xcassets in Resources */ = {isa = PBXBuildFile; fileRef = 01A4A11C25D63942004F5BAD /* Assets.xcassets */; };
		01A4A12025D63942004F5BAD /* Preview Assets.xcassets in Resources */ = {isa = PBXBuildFile; fileRef = 01A4A11F25D63942004F5BAD /* Preview Assets.xcassets */; };
		01A4A12B25D63942004F5BAD /* CryptoGlanceTests.swift in Sources */ = {isa = PBXBuildFile; fileRef = 01A4A12A25D63942004F5BAD /* CryptoGlanceTests.swift */; };
		01A4A13625D63942004F5BAD /* CryptoGlanceUITests.swift in Sources */ = {isa = PBXBuildFile; fileRef = 01A4A13525D63942004F5BAD /* CryptoGlanceUITests.swift */; };
		01A4A14B25D642C9004F5BAD /* SwiftUICharts in Frameworks */ = {isa = PBXBuildFile; productRef = 01A4A14A25D642C9004F5BAD /* SwiftUICharts */; };
/* End PBXBuildFile section */

/* Begin PBXContainerItemProxy section */
		01A4A12725D63942004F5BAD /* PBXContainerItemProxy */ = {
			isa = PBXContainerItemProxy;
			containerPortal = 01A4A10D25D63941004F5BAD /* Project object */;
			proxyType = 1;
			remoteGlobalIDString = 01A4A11425D63941004F5BAD;
			remoteInfo = CryptoGlance;
		};
		01A4A13225D63942004F5BAD /* PBXContainerItemProxy */ = {
			isa = PBXContainerItemProxy;
			containerPortal = 01A4A10D25D63941004F5BAD /* Project object */;
			proxyType = 1;
			remoteGlobalIDString = 01A4A11425D63941004F5BAD;
			remoteInfo = CryptoGlance;
		};
/* End PBXContainerItemProxy section */

/* Begin PBXFileReference section */
		0168730625D88E150096DB8D /* Comfortaa-Light.ttf */ = {isa = PBXFileReference; lastKnownFileType = file; path = "Comfortaa-Light.ttf"; sourceTree = "<group>"; };
		0168730B25D88FC80096DB8D /* MontserratAlternates-SemiBold.ttf */ = {isa = PBXFileReference; lastKnownFileType = file; path = "MontserratAlternates-SemiBold.ttf"; sourceTree = "<group>"; };
		0168731025D88FE70096DB8D /* MontserratAlternates-Bold.ttf */ = {isa = PBXFileReference; lastKnownFileType = file; path = "MontserratAlternates-Bold.ttf"; sourceTree = "<group>"; };
		0168731525D893970096DB8D /* Poppins-Bold.ttf */ = {isa = PBXFileReference; lastKnownFileType = file; path = "Poppins-Bold.ttf"; sourceTree = "<group>"; };
		0168731A25D893A50096DB8D /* Poppins-SemiBold.ttf */ = {isa = PBXFileReference; lastKnownFileType = file; path = "Poppins-SemiBold.ttf"; sourceTree = "<group>"; };
		01A4A11525D63941004F5BAD /* CryptoGlance.app */ = {isa = PBXFileReference; explicitFileType = wrapper.application; includeInIndex = 0; path = CryptoGlance.app; sourceTree = BUILT_PRODUCTS_DIR; };
		01A4A11825D63941004F5BAD /* CryptoGlanceApp.swift */ = {isa = PBXFileReference; lastKnownFileType = sourcecode.swift; path = CryptoGlanceApp.swift; sourceTree = "<group>"; };
		01A4A11A25D63941004F5BAD /* ContentView.swift */ = {isa = PBXFileReference; lastKnownFileType = sourcecode.swift; path = ContentView.swift; sourceTree = "<group>"; };
		01A4A11C25D63942004F5BAD /* Assets.xcassets */ = {isa = PBXFileReference; lastKnownFileType = folder.assetcatalog; path = Assets.xcassets; sourceTree = "<group>"; };
		01A4A11F25D63942004F5BAD /* Preview Assets.xcassets */ = {isa = PBXFileReference; lastKnownFileType = folder.assetcatalog; path = "Preview Assets.xcassets"; sourceTree = "<group>"; };
		01A4A12125D63942004F5BAD /* Info.plist */ = {isa = PBXFileReference; lastKnownFileType = text.plist.xml; path = Info.plist; sourceTree = "<group>"; };
		01A4A12625D63942004F5BAD /* CryptoGlanceTests.xctest */ = {isa = PBXFileReference; explicitFileType = wrapper.cfbundle; includeInIndex = 0; path = CryptoGlanceTests.xctest; sourceTree = BUILT_PRODUCTS_DIR; };
		01A4A12A25D63942004F5BAD /* CryptoGlanceTests.swift */ = {isa = PBXFileReference; lastKnownFileType = sourcecode.swift; path = CryptoGlanceTests.swift; sourceTree = "<group>"; };
		01A4A12C25D63942004F5BAD /* Info.plist */ = {isa = PBXFileReference; lastKnownFileType = text.plist.xml; path = Info.plist; sourceTree = "<group>"; };
		01A4A13125D63942004F5BAD /* CryptoGlanceUITests.xctest */ = {isa = PBXFileReference; explicitFileType = wrapper.cfbundle; includeInIndex = 0; path = CryptoGlanceUITests.xctest; sourceTree = BUILT_PRODUCTS_DIR; };
		01A4A13525D63942004F5BAD /* CryptoGlanceUITests.swift */ = {isa = PBXFileReference; lastKnownFileType = sourcecode.swift; path = CryptoGlanceUITests.swift; sourceTree = "<group>"; };
		01A4A13725D63942004F5BAD /* Info.plist */ = {isa = PBXFileReference; lastKnownFileType = text.plist.xml; path = Info.plist; sourceTree = "<group>"; };
/* End PBXFileReference section */

/* Begin PBXFrameworksBuildPhase section */
		01A4A11225D63941004F5BAD /* Frameworks */ = {
			isa = PBXFrameworksBuildPhase;
			buildActionMask = 2147483647;
			files = (
				01A4A14B25D642C9004F5BAD /* SwiftUICharts in Frameworks */,
			);
			runOnlyForDeploymentPostprocessing = 0;
		};
		01A4A12325D63942004F5BAD /* Frameworks */ = {
			isa = PBXFrameworksBuildPhase;
			buildActionMask = 2147483647;
			files = (
			);
			runOnlyForDeploymentPostprocessing = 0;
		};
		01A4A12E25D63942004F5BAD /* Frameworks */ = {
			isa = PBXFrameworksBuildPhase;
			buildActionMask = 2147483647;
			files = (
			);
			runOnlyForDeploymentPostprocessing = 0;
		};
/* End PBXFrameworksBuildPhase section */

/* Begin PBXGroup section */
		0168730525D88DC20096DB8D /* Resources */ = {
			isa = PBXGroup;
			children = (
				0168730625D88E150096DB8D /* Comfortaa-Light.ttf */,
				0168731025D88FE70096DB8D /* MontserratAlternates-Bold.ttf */,
				0168730B25D88FC80096DB8D /* MontserratAlternates-SemiBold.ttf */,
				0168731525D893970096DB8D /* Poppins-Bold.ttf */,
				0168731A25D893A50096DB8D /* Poppins-SemiBold.ttf */,
			);
			path = Resources;
			sourceTree = "<group>";
		};
		01A4A10C25D63941004F5BAD = {
			isa = PBXGroup;
			children = (
				01A4A11725D63941004F5BAD /* CryptoGlance */,
				01A4A12925D63942004F5BAD /* CryptoGlanceTests */,
				01A4A13425D63942004F5BAD /* CryptoGlanceUITests */,
				01A4A11625D63941004F5BAD /* Products */,
			);
			sourceTree = "<group>";
		};
		01A4A11625D63941004F5BAD /* Products */ = {
			isa = PBXGroup;
			children = (
				01A4A11525D63941004F5BAD /* CryptoGlance.app */,
				01A4A12625D63942004F5BAD /* CryptoGlanceTests.xctest */,
				01A4A13125D63942004F5BAD /* CryptoGlanceUITests.xctest */,
			);
			name = Products;
			sourceTree = "<group>";
		};
		01A4A11725D63941004F5BAD /* CryptoGlance */ = {
			isa = PBXGroup;
			children = (
				01A4A11825D63941004F5BAD /* CryptoGlanceApp.swift */,
				01A4A11A25D63941004F5BAD /* ContentView.swift */,
				01A4A11C25D63942004F5BAD /* Assets.xcassets */,
				01A4A12125D63942004F5BAD /* Info.plist */,
				0168730525D88DC20096DB8D /* Resources */,
				01A4A11E25D63942004F5BAD /* Preview Content */,
			);
			path = CryptoGlance;
			sourceTree = "<group>";
		};
		01A4A11E25D63942004F5BAD /* Preview Content */ = {
			isa = PBXGroup;
			children = (
				01A4A11F25D63942004F5BAD /* Preview Assets.xcassets */,
			);
			path = "Preview Content";
			sourceTree = "<group>";
		};
		01A4A12925D63942004F5BAD /* CryptoGlanceTests */ = {
			isa = PBXGroup;
			children = (
				01A4A12A25D63942004F5BAD /* CryptoGlanceTests.swift */,
				01A4A12C25D63942004F5BAD /* Info.plist */,
			);
			path = CryptoGlanceTests;
			sourceTree = "<group>";
		};
		01A4A13425D63942004F5BAD /* CryptoGlanceUITests */ = {
			isa = PBXGroup;
			children = (
				01A4A13525D63942004F5BAD /* CryptoGlanceUITests.swift */,
				01A4A13725D63942004F5BAD /* Info.plist */,
			);
			path = CryptoGlanceUITests;
			sourceTree = "<group>";
		};
/* End PBXGroup section */

/* Begin PBXNativeTarget section */
		01A4A11425D63941004F5BAD /* CryptoGlance */ = {
			isa = PBXNativeTarget;
			buildConfigurationList = 01A4A13A25D63942004F5BAD /* Build configuration list for PBXNativeTarget "CryptoGlance" */;
			buildPhases = (
				01A4A11125D63941004F5BAD /* Sources */,
				01A4A11225D63941004F5BAD /* Frameworks */,
				01A4A11325D63941004F5BAD /* Resources */,
			);
			buildRules = (
			);
			dependencies = (
			);
			name = CryptoGlance;
			packageProductDependencies = (
				01A4A14A25D642C9004F5BAD /* SwiftUICharts */,
			);
			productName = CryptoGlance;
			productReference = 01A4A11525D63941004F5BAD /* CryptoGlance.app */;
			productType = "com.apple.product-type.application";
		};
		01A4A12525D63942004F5BAD /* CryptoGlanceTests */ = {
			isa = PBXNativeTarget;
			buildConfigurationList = 01A4A13D25D63942004F5BAD /* Build configuration list for PBXNativeTarget "CryptoGlanceTests" */;
			buildPhases = (
				01A4A12225D63942004F5BAD /* Sources */,
				01A4A12325D63942004F5BAD /* Frameworks */,
				01A4A12425D63942004F5BAD /* Resources */,
			);
			buildRules = (
			);
			dependencies = (
				01A4A12825D63942004F5BAD /* PBXTargetDependency */,
			);
			name = CryptoGlanceTests;
			productName = CryptoGlanceTests;
			productReference = 01A4A12625D63942004F5BAD /* CryptoGlanceTests.xctest */;
			productType = "com.apple.product-type.bundle.unit-test";
		};
		01A4A13025D63942004F5BAD /* CryptoGlanceUITests */ = {
			isa = PBXNativeTarget;
			buildConfigurationList = 01A4A14025D63942004F5BAD /* Build configuration list for PBXNativeTarget "CryptoGlanceUITests" */;
			buildPhases = (
				01A4A12D25D63942004F5BAD /* Sources */,
				01A4A12E25D63942004F5BAD /* Frameworks */,
				01A4A12F25D63942004F5BAD /* Resources */,
			);
			buildRules = (
			);
			dependencies = (
				01A4A13325D63942004F5BAD /* PBXTargetDependency */,
			);
			name = CryptoGlanceUITests;
			productName = CryptoGlanceUITests;
			productReference = 01A4A13125D63942004F5BAD /* CryptoGlanceUITests.xctest */;
			productType = "com.apple.product-type.bundle.ui-testing";
		};
/* End PBXNativeTarget section */

/* Begin PBXProject section */
		01A4A10D25D63941004F5BAD /* Project object */ = {
			isa = PBXProject;
			attributes = {
				LastSwiftUpdateCheck = 1240;
				LastUpgradeCheck = 1240;
				TargetAttributes = {
					01A4A11425D63941004F5BAD = {
						CreatedOnToolsVersion = 12.4;
					};
					01A4A12525D63942004F5BAD = {
						CreatedOnToolsVersion = 12.4;
						TestTargetID = 01A4A11425D63941004F5BAD;
					};
					01A4A13025D63942004F5BAD = {
						CreatedOnToolsVersion = 12.4;
						TestTargetID = 01A4A11425D63941004F5BAD;
					};
				};
			};
			buildConfigurationList = 01A4A11025D63941004F5BAD /* Build configuration list for PBXProject "CryptoGlance" */;
			compatibilityVersion = "Xcode 9.3";
			developmentRegion = en;
			hasScannedForEncodings = 0;
			knownRegions = (
				en,
				Base,
			);
			mainGroup = 01A4A10C25D63941004F5BAD;
			packageReferences = (
				01A4A14925D642C9004F5BAD /* XCRemoteSwiftPackageReference "ChartView" */,
			);
			productRefGroup = 01A4A11625D63941004F5BAD /* Products */;
			projectDirPath = "";
			projectRoot = "";
			targets = (
				01A4A11425D63941004F5BAD /* CryptoGlance */,
				01A4A12525D63942004F5BAD /* CryptoGlanceTests */,
				01A4A13025D63942004F5BAD /* CryptoGlanceUITests */,
			);
		};
/* End PBXProject section */

/* Begin PBXResourcesBuildPhase section */
		01A4A11325D63941004F5BAD /* Resources */ = {
			isa = PBXResourcesBuildPhase;
			buildActionMask = 2147483647;
			files = (
				01A4A12025D63942004F5BAD /* Preview Assets.xcassets in Resources */,
				0168731B25D893A50096DB8D /* Poppins-SemiBold.ttf in Resources */,
				0168731625D893970096DB8D /* Poppins-Bold.ttf in Resources */,
				0168730C25D88FC80096DB8D /* MontserratAlternates-SemiBold.ttf in Resources */,
				0168730725D88E150096DB8D /* Comfortaa-Light.ttf in Resources */,
				01A4A11D25D63942004F5BAD /* Assets.xcassets in Resources */,
				0168731125D88FE70096DB8D /* MontserratAlternates-Bold.ttf in Resources */,
			);
			runOnlyForDeploymentPostprocessing = 0;
		};
		01A4A12425D63942004F5BAD /* Resources */ = {
			isa = PBXResourcesBuildPhase;
			buildActionMask = 2147483647;
			files = (
			);
			runOnlyForDeploymentPostprocessing = 0;
		};
		01A4A12F25D63942004F5BAD /* Resources */ = {
			isa = PBXResourcesBuildPhase;
			buildActionMask = 2147483647;
			files = (
			);
			runOnlyForDeploymentPostprocessing = 0;
		};
/* End PBXResourcesBuildPhase section */

/* Begin PBXSourcesBuildPhase section */
		01A4A11125D63941004F5BAD /* Sources */ = {
			isa = PBXSourcesBuildPhase;
			buildActionMask = 2147483647;
			files = (
				01A4A11B25D63941004F5BAD /* ContentView.swift in Sources */,
				01A4A11925D63941004F5BAD /* CryptoGlanceApp.swift in Sources */,
			);
			runOnlyForDeploymentPostprocessing = 0;
		};
		01A4A12225D63942004F5BAD /* Sources */ = {
			isa = PBXSourcesBuildPhase;
			buildActionMask = 2147483647;
			files = (
				01A4A12B25D63942004F5BAD /* CryptoGlanceTests.swift in Sources */,
			);
			runOnlyForDeploymentPostprocessing = 0;
		};
		01A4A12D25D63942004F5BAD /* Sources */ = {
			isa = PBXSourcesBuildPhase;
			buildActionMask = 2147483647;
			files = (
				01A4A13625D63942004F5BAD /* CryptoGlanceUITests.swift in Sources */,
			);
			runOnlyForDeploymentPostprocessing = 0;
		};
/* End PBXSourcesBuildPhase section */

/* Begin PBXTargetDependency section */
		01A4A12825D63942004F5BAD /* PBXTargetDependency */ = {
			isa = PBXTargetDependency;
			target = 01A4A11425D63941004F5BAD /* CryptoGlance */;
			targetProxy = 01A4A12725D63942004F5BAD /* PBXContainerItemProxy */;
		};
		01A4A13325D63942004F5BAD /* PBXTargetDependency */ = {
			isa = PBXTargetDependency;
			target = 01A4A11425D63941004F5BAD /* CryptoGlance */;
			targetProxy = 01A4A13225D63942004F5BAD /* PBXContainerItemProxy */;
		};
/* End PBXTargetDependency section */

/* Begin XCBuildConfiguration section */
		01A4A13825D63942004F5BAD /* Debug */ = {
			isa = XCBuildConfiguration;
			buildSettings = {
				ALWAYS_SEARCH_USER_PATHS = NO;
				CLANG_ANALYZER_NONNULL = YES;
				CLANG_ANALYZER_NUMBER_OBJECT_CONVERSION = YES_AGGRESSIVE;
				CLANG_CXX_LANGUAGE_STANDARD = "gnu++14";
				CLANG_CXX_LIBRARY = "libc++";
				CLANG_ENABLE_MODULES = YES;
				CLANG_ENABLE_OBJC_ARC = YES;
				CLANG_ENABLE_OBJC_WEAK = YES;
				CLANG_WARN_BLOCK_CAPTURE_AUTORELEASING = YES;
				CLANG_WARN_BOOL_CONVERSION = YES;
				CLANG_WARN_COMMA = YES;
				CLANG_WARN_CONSTANT_CONVERSION = YES;
				CLANG_WARN_DEPRECATED_OBJC_IMPLEMENTATIONS = YES;
				CLANG_WARN_DIRECT_OBJC_ISA_USAGE = YES_ERROR;
				CLANG_WARN_DOCUMENTATION_COMMENTS = YES;
				CLANG_WARN_EMPTY_BODY = YES;
				CLANG_WARN_ENUM_CONVERSION = YES;
				CLANG_WARN_INFINITE_RECURSION = YES;
				CLANG_WARN_INT_CONVERSION = YES;
				CLANG_WARN_NON_LITERAL_NULL_CONVERSION = YES;
				CLANG_WARN_OBJC_IMPLICIT_RETAIN_SELF = YES;
				CLANG_WARN_OBJC_LITERAL_CONVERSION = YES;
				CLANG_WARN_OBJC_ROOT_CLASS = YES_ERROR;
				CLANG_WARN_QUOTED_INCLUDE_IN_FRAMEWORK_HEADER = YES;
				CLANG_WARN_RANGE_LOOP_ANALYSIS = YES;
				CLANG_WARN_STRICT_PROTOTYPES = YES;
				CLANG_WARN_SUSPICIOUS_MOVE = YES;
				CLANG_WARN_UNGUARDED_AVAILABILITY = YES_AGGRESSIVE;
				CLANG_WARN_UNREACHABLE_CODE = YES;
				CLANG_WARN__DUPLICATE_METHOD_MATCH = YES;
				COPY_PHASE_STRIP = NO;
				DEBUG_INFORMATION_FORMAT = dwarf;
				ENABLE_STRICT_OBJC_MSGSEND = YES;
				ENABLE_TESTABILITY = YES;
				GCC_C_LANGUAGE_STANDARD = gnu11;
				GCC_DYNAMIC_NO_PIC = NO;
				GCC_NO_COMMON_BLOCKS = YES;
				GCC_OPTIMIZATION_LEVEL = 0;
				GCC_PREPROCESSOR_DEFINITIONS = (
					"DEBUG=1",
					"$(inherited)",
				);
				GCC_WARN_64_TO_32_BIT_CONVERSION = YES;
				GCC_WARN_ABOUT_RETURN_TYPE = YES_ERROR;
				GCC_WARN_UNDECLARED_SELECTOR = YES;
				GCC_WARN_UNINITIALIZED_AUTOS = YES_AGGRESSIVE;
				GCC_WARN_UNUSED_FUNCTION = YES;
				GCC_WARN_UNUSED_VARIABLE = YES;
				IPHONEOS_DEPLOYMENT_TARGET = 14.4;
				MTL_ENABLE_DEBUG_INFO = INCLUDE_SOURCE;
				MTL_FAST_MATH = YES;
				ONLY_ACTIVE_ARCH = YES;
				SDKROOT = iphoneos;
				SWIFT_ACTIVE_COMPILATION_CONDITIONS = DEBUG;
				SWIFT_OPTIMIZATION_LEVEL = "-Onone";
			};
			name = Debug;
		};
		01A4A13925D63942004F5BAD /* Release */ = {
			isa = XCBuildConfiguration;
			buildSettings = {
				ALWAYS_SEARCH_USER_PATHS = NO;
				CLANG_ANALYZER_NONNULL = YES;
				CLANG_ANALYZER_NUMBER_OBJECT_CONVERSION = YES_AGGRESSIVE;
				CLANG_CXX_LANGUAGE_STANDARD = "gnu++14";
				CLANG_CXX_LIBRARY = "libc++";
				CLANG_ENABLE_MODULES = YES;
				CLANG_ENABLE_OBJC_ARC = YES;
				CLANG_ENABLE_OBJC_WEAK = YES;
				CLANG_WARN_BLOCK_CAPTURE_AUTORELEASING = YES;
				CLANG_WARN_BOOL_CONVERSION = YES;
				CLANG_WARN_COMMA = YES;
				CLANG_WARN_CONSTANT_CONVERSION = YES;
				CLANG_WARN_DEPRECATED_OBJC_IMPLEMENTATIONS = YES;
				CLANG_WARN_DIRECT_OBJC_ISA_USAGE = YES_ERROR;
				CLANG_WARN_DOCUMENTATION_COMMENTS = YES;
				CLANG_WARN_EMPTY_BODY = YES;
				CLANG_WARN_ENUM_CONVERSION = YES;
				CLANG_WARN_INFINITE_RECURSION = YES;
				CLANG_WARN_INT_CONVERSION = YES;
				CLANG_WARN_NON_LITERAL_NULL_CONVERSION = YES;
				CLANG_WARN_OBJC_IMPLICIT_RETAIN_SELF = YES;
				CLANG_WARN_OBJC_LITERAL_CONVERSION = YES;
				CLANG_WARN_OBJC_ROOT_CLASS = YES_ERROR;
				CLANG_WARN_QUOTED_INCLUDE_IN_FRAMEWORK_HEADER = YES;
				CLANG_WARN_RANGE_LOOP_ANALYSIS = YES;
				CLANG_WARN_STRICT_PROTOTYPES = YES;
				CLANG_WARN_SUSPICIOUS_MOVE = YES;
				CLANG_WARN_UNGUARDED_AVAILABILITY = YES_AGGRESSIVE;
				CLANG_WARN_UNREACHABLE_CODE = YES;
				CLANG_WARN__DUPLICATE_METHOD_MATCH = YES;
				COPY_PHASE_STRIP = NO;
				DEBUG_INFORMATION_FORMAT = "dwarf-with-dsym";
				ENABLE_NS_ASSERTIONS = NO;
				ENABLE_STRICT_OBJC_MSGSEND = YES;
				GCC_C_LANGUAGE_STANDARD = gnu11;
				GCC_NO_COMMON_BLOCKS = YES;
				GCC_WARN_64_TO_32_BIT_CONVERSION = YES;
				GCC_WARN_ABOUT_RETURN_TYPE = YES_ERROR;
				GCC_WARN_UNDECLARED_SELECTOR = YES;
				GCC_WARN_UNINITIALIZED_AUTOS = YES_AGGRESSIVE;
				GCC_WARN_UNUSED_FUNCTION = YES;
				GCC_WARN_UNUSED_VARIABLE = YES;
				IPHONEOS_DEPLOYMENT_TARGET = 14.4;
				MTL_ENABLE_DEBUG_INFO = NO;
				MTL_FAST_MATH = YES;
				SDKROOT = iphoneos;
				SWIFT_COMPILATION_MODE = wholemodule;
				SWIFT_OPTIMIZATION_LEVEL = "-O";
				VALIDATE_PRODUCT = YES;
			};
			name = Release;
		};
		01A4A13B25D63942004F5BAD /* Debug */ = {
			isa = XCBuildConfiguration;
			buildSettings = {
				ASSETCATALOG_COMPILER_APPICON_NAME = AppIcon;
				ASSETCATALOG_COMPILER_GLOBAL_ACCENT_COLOR_NAME = AccentColor;
				CODE_SIGN_STYLE = Automatic;
				DEVELOPMENT_ASSET_PATHS = "\"CryptoGlance/Preview Content\"";
				DEVELOPMENT_TEAM = 24LQHZ6YU9;
				ENABLE_PREVIEWS = YES;
				INFOPLIST_FILE = CryptoGlance/Info.plist;
				IPHONEOS_DEPLOYMENT_TARGET = 14.0;
				LD_RUNPATH_SEARCH_PATHS = (
					"$(inherited)",
					"@executable_path/Frameworks",
				);
				PRODUCT_BUNDLE_IDENTIFIER = AMC.CryptoGlance;
				PRODUCT_NAME = "$(TARGET_NAME)";
				SWIFT_VERSION = 5.0;
				TARGETED_DEVICE_FAMILY = "1,2";
			};
			name = Debug;
		};
		01A4A13C25D63942004F5BAD /* Release */ = {
			isa = XCBuildConfiguration;
			buildSettings = {
				ASSETCATALOG_COMPILER_APPICON_NAME = AppIcon;
				ASSETCATALOG_COMPILER_GLOBAL_ACCENT_COLOR_NAME = AccentColor;
				CODE_SIGN_STYLE = Automatic;
				DEVELOPMENT_ASSET_PATHS = "\"CryptoGlance/Preview Content\"";
				DEVELOPMENT_TEAM = 24LQHZ6YU9;
				ENABLE_PREVIEWS = YES;
				INFOPLIST_FILE = CryptoGlance/Info.plist;
				IPHONEOS_DEPLOYMENT_TARGET = 14.0;
				LD_RUNPATH_SEARCH_PATHS = (
					"$(inherited)",
					"@executable_path/Frameworks",
				);
				PRODUCT_BUNDLE_IDENTIFIER = AMC.CryptoGlance;
				PRODUCT_NAME = "$(TARGET_NAME)";
				SWIFT_VERSION = 5.0;
				TARGETED_DEVICE_FAMILY = "1,2";
			};
			name = Release;
		};
		01A4A13E25D63942004F5BAD /* Debug */ = {
			isa = XCBuildConfiguration;
			buildSettings = {
				ALWAYS_EMBED_SWIFT_STANDARD_LIBRARIES = YES;
				BUNDLE_LOADER = "$(TEST_HOST)";
				CODE_SIGN_STYLE = Automatic;
				DEVELOPMENT_TEAM = 24LQHZ6YU9;
				INFOPLIST_FILE = CryptoGlanceTests/Info.plist;
				IPHONEOS_DEPLOYMENT_TARGET = 14.0;
				LD_RUNPATH_SEARCH_PATHS = (
					"$(inherited)",
					"@executable_path/Frameworks",
					"@loader_path/Frameworks",
				);
				PRODUCT_BUNDLE_IDENTIFIER = AMC.CryptoGlanceTests;
				PRODUCT_NAME = "$(TARGET_NAME)";
				SWIFT_VERSION = 5.0;
				TARGETED_DEVICE_FAMILY = "1,2";
				TEST_HOST = "$(BUILT_PRODUCTS_DIR)/CryptoGlance.app/CryptoGlance";
			};
			name = Debug;
		};
		01A4A13F25D63942004F5BAD /* Release */ = {
			isa = XCBuildConfiguration;
			buildSettings = {
				ALWAYS_EMBED_SWIFT_STANDARD_LIBRARIES = YES;
				BUNDLE_LOADER = "$(TEST_HOST)";
				CODE_SIGN_STYLE = Automatic;
				DEVELOPMENT_TEAM = 24LQHZ6YU9;
				INFOPLIST_FILE = CryptoGlanceTests/Info.plist;
				IPHONEOS_DEPLOYMENT_TARGET = 14.0;
				LD_RUNPATH_SEARCH_PATHS = (
					"$(inherited)",
					"@executable_path/Frameworks",
					"@loader_path/Frameworks",
				);
				PRODUCT_BUNDLE_IDENTIFIER = AMC.CryptoGlanceTests;
				PRODUCT_NAME = "$(TARGET_NAME)";
				SWIFT_VERSION = 5.0;
				TARGETED_DEVICE_FAMILY = "1,2";
				TEST_HOST = "$(BUILT_PRODUCTS_DIR)/CryptoGlance.app/CryptoGlance";
			};
			name = Release;
		};
		01A4A14125D63942004F5BAD /* Debug */ = {
			isa = XCBuildConfiguration;
			buildSettings = {
				ALWAYS_EMBED_SWIFT_STANDARD_LIBRARIES = YES;
				CODE_SIGN_STYLE = Automatic;
				DEVELOPMENT_TEAM = 24LQHZ6YU9;
				INFOPLIST_FILE = CryptoGlanceUITests/Info.plist;
				LD_RUNPATH_SEARCH_PATHS = (
					"$(inherited)",
					"@executable_path/Frameworks",
					"@loader_path/Frameworks",
				);
				PRODUCT_BUNDLE_IDENTIFIER = AMC.CryptoGlanceUITests;
				PRODUCT_NAME = "$(TARGET_NAME)";
				SWIFT_VERSION = 5.0;
				TARGETED_DEVICE_FAMILY = "1,2";
				TEST_TARGET_NAME = CryptoGlance;
			};
			name = Debug;
		};
		01A4A14225D63942004F5BAD /* Release */ = {
			isa = XCBuildConfiguration;
			buildSettings = {
				ALWAYS_EMBED_SWIFT_STANDARD_LIBRARIES = YES;
				CODE_SIGN_STYLE = Automatic;
				DEVELOPMENT_TEAM = 24LQHZ6YU9;
				INFOPLIST_FILE = CryptoGlanceUITests/Info.plist;
				LD_RUNPATH_SEARCH_PATHS = (
					"$(inherited)",
					"@executable_path/Frameworks",
					"@loader_path/Frameworks",
				);
				PRODUCT_BUNDLE_IDENTIFIER = AMC.CryptoGlanceUITests;
				PRODUCT_NAME = "$(TARGET_NAME)";
				SWIFT_VERSION = 5.0;
				TARGETED_DEVICE_FAMILY = "1,2";
				TEST_TARGET_NAME = CryptoGlance;
			};
			name = Release;
		};
/* End XCBuildConfiguration section */

/* Begin XCConfigurationList section */
		01A4A11025D63941004F5BAD /* Build configuration list for PBXProject "CryptoGlance" */ = {
			isa = XCConfigurationList;
			buildConfigurations = (
				01A4A13825D63942004F5BAD /* Debug */,
				01A4A13925D63942004F5BAD /* Release */,
			);
			defaultConfigurationIsVisible = 0;
			defaultConfigurationName = Release;
		};
		01A4A13A25D63942004F5BAD /* Build configuration list for PBXNativeTarget "CryptoGlance" */ = {
			isa = XCConfigurationList;
			buildConfigurations = (
				01A4A13B25D63942004F5BAD /* Debug */,
				01A4A13C25D63942004F5BAD /* Release */,
			);
			defaultConfigurationIsVisible = 0;
			defaultConfigurationName = Release;
		};
		01A4A13D25D63942004F5BAD /* Build configuration list for PBXNativeTarget "CryptoGlanceTests" */ = {
			isa = XCConfigurationList;
			buildConfigurations = (
				01A4A13E25D63942004F5BAD /* Debug */,
				01A4A13F25D63942004F5BAD /* Release */,
			);
			defaultConfigurationIsVisible = 0;
			defaultConfigurationName = Release;
		};
		01A4A14025D63942004F5BAD /* Build configuration list for PBXNativeTarget "CryptoGlanceUITests" */ = {
			isa = XCConfigurationList;
			buildConfigurations = (
				01A4A14125D63942004F5BAD /* Debug */,
				01A4A14225D63942004F5BAD /* Release */,
			);
			defaultConfigurationIsVisible = 0;
			defaultConfigurationName = Release;
		};
/* End XCConfigurationList section */

/* Begin XCRemoteSwiftPackageReference section */
		01A4A14925D642C9004F5BAD /* XCRemoteSwiftPackageReference "ChartView" */ = {
			isa = XCRemoteSwiftPackageReference;
			repositoryURL = "https://github.com/AppPear/ChartView";
			requirement = {
				kind = upToNextMajorVersion;
				minimumVersion = 1.5.4;
			};
		};
/* End XCRemoteSwiftPackageReference section */

/* Begin XCSwiftPackageProductDependency section */
		01A4A14A25D642C9004F5BAD /* SwiftUICharts */ = {
			isa = XCSwiftPackageProductDependency;
			package = 01A4A14925D642C9004F5BAD /* XCRemoteSwiftPackageReference "ChartView" */;
			productName = SwiftUICharts;
		};
/* End XCSwiftPackageProductDependency section */
	};
	rootObject = 01A4A10D25D63941004F5BAD /* Project object */;
}
